
Microsoft Visual Studio Solution File, Format Version 12.00
# Visual Studio Version 17
VisualStudioVersion = 17.11.35303.130
MinimumVisualStudioVersion = 10.0.40219.1
Project("{8BC9CEB8-8B4A-11D0-8D11-00A0C91BC942}") = "Lab_07.1it", "Lab_07.1it\Lab_07.1it.vcxproj", "{38981650-34D2-47A0-B6C2-007F9A36AD6D}"
EndProject
Project("{8BC9CEB8-8B4A-11D0-8D11-00A0C91BC942}") = "UnitTest71", "UnitTest71\UnitTest71.vcxproj", "{11500F38-E8F3-42C7-BA25-8EE847AF978B}"
EndProject
Global
	GlobalSection(SolutionConfigurationPlatforms) = preSolution
		Debug|x64 = Debug|x64
		Debug|x86 = Debug|x86
		Release|x64 = Release|x64
		Release|x86 = Release|x86
	EndGlobalSection
	GlobalSection(ProjectConfigurationPlatforms) = postSolution
		{38981650-34D2-47A0-B6C2-007F9A36AD6D}.Debug|x64.ActiveCfg = Debug|x64
		{38981650-34D2-47A0-B6C2-007F9A36AD6D}.Debug|x64.Build.0 = Debug|x64
		{38981650-34D2-47A0-B6C2-007F9A36AD6D}.Debug|x86.ActiveCfg = Debug|Win32
		{38981650-34D2-47A0-B6C2-007F9A36AD6D}.Debug|x86.Build.0 = Debug|Win32
		{38981650-34D2-47A0-B6C2-007F9A36AD6D}.Release|x64.ActiveCfg = Release|x64
		{38981650-34D2-47A0-B6C2-007F9A36AD6D}.Release|x64.Build.0 = Release|x64
		{38981650-34D2-47A0-B6C2-007F9A36AD6D}.Release|x86.ActiveCfg = Release|Win32
		{38981650-34D2-47A0-B6C2-007F9A36AD6D}.Release|x86.Build.0 = Release|Win32
		{11500F38-E8F3-42C7-BA25-8EE847AF978B}.Debug|x64.ActiveCfg = Debug|x64
		{11500F38-E8F3-42C7-BA25-8EE847AF978B}.Debug|x64.Build.0 = Debug|x64
		{11500F38-E8F3-42C7-BA25-8EE847AF978B}.Debug|x86.ActiveCfg = Debug|Win32
		{11500F38-E8F3-42C7-BA25-8EE847AF978B}.Debug|x86.Build.0 = Debug|Win32
		{11500F38-E8F3-42C7-BA25-8EE847AF978B}.Release|x64.ActiveCfg = Release|x64
		{11500F38-E8F3-42C7-BA25-8EE847AF978B}.Release|x64.Build.0 = Release|x64
		{11500F38-E8F3-42C7-BA25-8EE847AF978B}.Release|x86.ActiveCfg = Release|Win32
		{11500F38-E8F3-42C7-BA25-8EE847AF978B}.Release|x86.Build.0 = Release|Win32
	EndGlobalSection
	GlobalSection(SolutionProperties) = preSolution
		HideSolutionNode = FALSE
	EndGlobalSection
	GlobalSection(ExtensibilityGlobals) = postSolution
		SolutionGuid = {72FCB9DD-4B03-4F3C-922E-1021FBAB6BF1}
	EndGlobalSection
EndGlobal
